{
  "version": 4,
  "terraform_version": "1.5.7",
  "serial": 4,
  "lineage": "c03e2829-9350-fbe5-06a7-912dd62a64a3",
  "outputs": {},
  "resources": [
    {
      "mode": "managed",
      "type": "aws_codeartifact_domain",
      "name": "this",
      "provider": "provider[\"registry.terraform.io/hashicorp/aws\"]",
      "instances": [
        {
          "schema_version": 0,
          "attributes": {
            "arn": "arn:aws:codeartifact:eu-central-1:347671896725:domain/semantic-release-domain",
            "asset_size_bytes": "0",
            "created_time": "2024-07-29T07:19:35Z",
            "domain": "semantic-release-domain",
            "encryption_key": "arn:aws:kms:eu-central-1:347671896725:key/71a4c611-786e-40ed-b30b-409a944116d5",
            "id": "arn:aws:codeartifact:eu-central-1:347671896725:domain/semantic-release-domain",
            "owner": "347671896725",
            "repository_count": 0,
            "s3_bucket_arn": "arn:aws:s3:::assets-769407342218-eu-central-1",
            "tags": null,
            "tags_all": {}
          },
          "sensitive_attributes": [],
          "private": "bnVsbA=="
        }
      ]
    },
    {
      "mode": "managed",
      "type": "aws_codeartifact_repository",
      "name": "this",
      "provider": "provider[\"registry.terraform.io/hashicorp/aws\"]",
      "instances": [
        {
          "schema_version": 0,
          "attributes": {
            "administrator_account": "347671896725",
            "arn": "arn:aws:codeartifact:eu-central-1:347671896725:repository/semantic-release-domain/semantic-release-repo",
            "description": "",
            "domain": "semantic-release-domain",
            "domain_owner": "347671896725",
            "external_connections": [],
            "id": "arn:aws:codeartifact:eu-central-1:347671896725:repository/semantic-release-domain/semantic-release-repo",
            "repository": "semantic-release-repo",
            "tags": null,
            "tags_all": {},
            "upstream": []
          },
          "sensitive_attributes": [],
          "private": "bnVsbA==",
          "dependencies": [
            "aws_codeartifact_domain.this"
          ]
        }
      ]
    },
    {
      "mode": "managed",
      "type": "aws_ecr_repository",
      "name": "this",
      "provider": "provider[\"registry.terraform.io/hashicorp/aws\"]",
      "instances": [
        {
          "schema_version": 0,
          "attributes": {
            "arn": "arn:aws:ecr:eu-central-1:347671896725:repository/ecr_semantic_release",
            "encryption_configuration": [
              {
                "encryption_type": "AES256",
                "kms_key": ""
              }
            ],
            "force_delete": null,
            "id": "ecr_semantic_release",
            "image_scanning_configuration": [
              {
                "scan_on_push": false
              }
            ],
            "image_tag_mutability": "MUTABLE",
            "name": "ecr_semantic_release",
            "registry_id": "347671896725",
            "repository_url": "347671896725.dkr.ecr.eu-central-1.amazonaws.com/ecr_semantic_release",
            "tags": null,
            "tags_all": {},
            "timeouts": null
          },
          "sensitive_attributes": [],
          "private": "eyJlMmJmYjczMC1lY2FhLTExZTYtOGY4OC0zNDM2M2JjN2M0YzAiOnsiZGVsZXRlIjoxMjAwMDAwMDAwMDAwfX0="
        }
      ]
    }
  ],
  "check_results": null
}
